
Microsoft Visual Studio Solution File, Format Version 12.00
# Visual Studio Version 17
VisualStudioVersion = 17.14.36221.1
MinimumVisualStudioVersion = 10.0.40219.1
Project("{2150E333-8FDC-42A3-9474-1A3956D46DE8}") = "src", "src", "{827E0CD3-B72D-47B6-A68D-7590B98EB39B}"
EndProject
Project("{2150E333-8FDC-42A3-9474-1A3956D46DE8}") = "BuildingBlocks", "BuildingBlocks", "{90298CBA-BD6F-3A0A-69D5-97CAD7B05E7E}"
EndProject
Project("{2150E333-8FDC-42A3-9474-1A3956D46DE8}") = "Common", "Common", "{F8284A3B-6172-4543-FC74-2C149A4C2E29}"
EndProject
Project("{FAE04EC0-301F-11D3-BF4B-00C04F79EFBC}") = "Whatsapp.Flow.BuildingBlocks.Common", "src\BuildingBlocks\Common\Whatsapp.Flow.BuildingBlocks.Common.csproj", "{0C8BA0F2-4D86-4C84-B17C-720766564796}"
EndProject
Project("{2150E333-8FDC-42A3-9474-1A3956D46DE8}") = "Services", "Services", "{984BB9B3-3FA3-BE33-9484-CAC21695A33C}"
EndProject
Project("{2150E333-8FDC-42A3-9474-1A3956D46DE8}") = "IdentityService", "IdentityService", "{3D2E8631-8982-4CD8-85A8-437089729894}"
EndProject
Project("{2150E333-8FDC-42A3-9474-1A3956D46DE8}") = "API", "API", "{B8E6B6B4-1597-990D-6D13-AAF04A34E016}"
EndProject
Project("{FAE04EC0-301F-11D3-BF4B-00C04F79EFBC}") = "Whatsapp.Flow.Services.Identity.API", "src\Services\IdentityService\API\Whatsapp.Flow.Services.Identity.API.csproj", "{708F6124-8BE5-4E04-8DB1-182E0A97BF0C}"
EndProject
Project("{FAE04EC0-301F-11D3-BF4B-00C04F79EFBC}") = "Whatsapp.Flow.Services.Identity.Application", "src\Services\IdentityService\Application\Whatsapp.Flow.Services.Identity.Application.csproj", "{77700224-FDF8-4FCE-ADDE-77D6026B672E}"
EndProject
Project("{FAE04EC0-301F-11D3-BF4B-00C04F79EFBC}") = "Whatsapp.Flow.Services.Identity.Domain", "src\Services\IdentityService\Domain\Whatsapp.Flow.Services.Identity.Domain.csproj", "{6E77476C-03A1-4554-A709-F2B97314A637}"
EndProject
Project("{FAE04EC0-301F-11D3-BF4B-00C04F79EFBC}") = "Whatsapp.Flow.Services.Identity.Infrastructure", "src\Services\IdentityService\Infrastructure\Whatsapp.Flow.Services.Identity.Infrastructure.csproj", "{BACA4931-65B1-426E-AF5D-2AFD6B9C5195}"
EndProject
Project("{2150E333-8FDC-42A3-9474-1A3956D46DE8}") = "Gateways", "Gateways", "{CBE535C5-B51A-60E9-4D99-AC1BFAA908A1}"
EndProject
Project("{2150E333-8FDC-42A3-9474-1A3956D46DE8}") = "ApiGateway", "ApiGateway", "{8E44736D-4F71-AC09-C797-E9C3A364234B}"
EndProject
Project("{FAE04EC0-301F-11D3-BF4B-00C04F79EFBC}") = "Whatsapp.Flow.Gateways.ApiGateway", "src\Gateways\ApiGateway\Whatsapp.Flow.Gateways.ApiGateway.csproj", "{F6231C4D-9298-46F6-9A54-8D0B4C20AA38}"
EndProject
Project("{2150E333-8FDC-42A3-9474-1A3956D46DE8}") = "FlowService", "FlowService", "{4FF0980B-B48C-A15E-A609-A853ABA51517}"
EndProject
Project("{2150E333-8FDC-42A3-9474-1A3956D46DE8}") = "API", "API", "{3FBE9D1F-65A6-0CC6-FBC6-608A6ED4C4A8}"
EndProject
Project("{FAE04EC0-301F-11D3-BF4B-00C04F79EFBC}") = "Whatsapp.Flow.Services.Flow.API", "src\Services\FlowService\API\Whatsapp.Flow.Services.Flow.API.csproj", "{00A56913-5A31-49D7-A040-58287BEF30B5}"
EndProject
Project("{FAE04EC0-301F-11D3-BF4B-00C04F79EFBC}") = "Whatsapp.Flow.Services.Flow.Application", "src\Services\FlowService\Application\Whatsapp.Flow.Services.Flow.Application.csproj", "{73C5D8CB-42C2-4F45-A010-C49F31384DD6}"
EndProject
Project("{FAE04EC0-301F-11D3-BF4B-00C04F79EFBC}") = "Whatsapp.Flow.Services.Flow.Domain", "src\Services\FlowService\Domain\Whatsapp.Flow.Services.Flow.Domain.csproj", "{080B5A3E-E921-46FD-A851-C6CF2BBAC933}"
EndProject
Project("{FAE04EC0-301F-11D3-BF4B-00C04F79EFBC}") = "Whatsapp.Flow.Services.Flow.Infrastructure", "src\Services\FlowService\Infrastructure\Whatsapp.Flow.Services.Flow.Infrastructure.csproj", "{266FD671-CFA3-49D6-B0E6-EA0EDFF1FE94}"
EndProject
Project("{2150E333-8FDC-42A3-9474-1A3956D46DE8}") = "WebhookService", "WebhookService", "{2A2867F8-DA21-46FC-8E10-52A75EF262B9}"
EndProject
Project("{2150E333-8FDC-42A3-9474-1A3956D46DE8}") = "API", "API", "{4422C10A-A275-27DD-ADC7-A7C70018D754}"
EndProject
Project("{FAE04EC0-301F-11D3-BF4B-00C04F79EFBC}") = "Whatsapp.Flow.Services.Webhook.API", "src\Services\WebhookService\API\Whatsapp.Flow.Services.Webhook.API.csproj", "{E451CCCF-D2E2-46F6-9ACF-F1E9A7F005B8}"
EndProject
Project("{FAE04EC0-301F-11D3-BF4B-00C04F79EFBC}") = "Whatsapp.Flow.Services.Webhook.Application", "src\Services\WebhookService\Application\Whatsapp.Flow.Services.Webhook.Application.csproj", "{A8E4E6EE-23DC-441D-9B27-0B5C0C524A51}"
EndProject
Project("{FAE04EC0-301F-11D3-BF4B-00C04F79EFBC}") = "Whatsapp.Flow.Services.Webhook.Domain", "src\Services\WebhookService\Domain\Whatsapp.Flow.Services.Webhook.Domain.csproj", "{8C8FAA6B-22EA-4238-A98A-6564FB873FDD}"
EndProject
Project("{FAE04EC0-301F-11D3-BF4B-00C04F79EFBC}") = "Whatsapp.Flow.Services.Webhook.Infrastructure", "src\Services\WebhookService\Infrastructure\Whatsapp.Flow.Services.Webhook.Infrastructure.csproj", "{B9AEC50F-0DAE-4C45-9CFF-C667CE271DBA}"
EndProject
Project("{2150E333-8FDC-42A3-9474-1A3956D46DE8}") = "EventBus", "EventBus", "{4D909E3A-FE81-0AA7-4841-65E192C827E3}"
EndProject
Project("{FAE04EC0-301F-11D3-BF4B-00C04F79EFBC}") = "Whatsapp.Flow.BuildingBlocks.EventBus", "src\BuildingBlocks\EventBus\Whatsapp.Flow.BuildingBlocks.EventBus.csproj", "{A19CACB5-502E-42E9-9D75-0DE1866F284A}"
EndProject
Project("{2150E333-8FDC-42A3-9474-1A3956D46DE8}") = "EventBus.RabbitMQ", "EventBus.RabbitMQ", "{53890CF4-40DD-B408-C4DC-486A5274CA5C}"
EndProject
Project("{FAE04EC0-301F-11D3-BF4B-00C04F79EFBC}") = "Whatsapp.Flow.BuildingBlocks.EventBus.RabbitMQ", "src\BuildingBlocks\EventBus.RabbitMQ\Whatsapp.Flow.BuildingBlocks.EventBus.RabbitMQ.csproj", "{0EC535EB-9E61-4777-B202-C9F96ACFE006}"
EndProject
Global
	GlobalSection(SolutionConfigurationPlatforms) = preSolution
		Debug|Any CPU = Debug|Any CPU
		Debug|x64 = Debug|x64
		Debug|x86 = Debug|x86
		Release|Any CPU = Release|Any CPU
		Release|x64 = Release|x64
		Release|x86 = Release|x86
	EndGlobalSection
	GlobalSection(ProjectConfigurationPlatforms) = postSolution
		{0C8BA0F2-4D86-4C84-B17C-720766564796}.Debug|Any CPU.ActiveCfg = Debug|Any CPU
		{0C8BA0F2-4D86-4C84-B17C-720766564796}.Debug|Any CPU.Build.0 = Debug|Any CPU
		{0C8BA0F2-4D86-4C84-B17C-720766564796}.Debug|x64.ActiveCfg = Debug|Any CPU
		{0C8BA0F2-4D86-4C84-B17C-720766564796}.Debug|x64.Build.0 = Debug|Any CPU
		{0C8BA0F2-4D86-4C84-B17C-720766564796}.Debug|x86.ActiveCfg = Debug|Any CPU
		{0C8BA0F2-4D86-4C84-B17C-720766564796}.Debug|x86.Build.0 = Debug|Any CPU
		{0C8BA0F2-4D86-4C84-B17C-720766564796}.Release|Any CPU.ActiveCfg = Release|Any CPU
		{0C8BA0F2-4D86-4C84-B17C-720766564796}.Release|Any CPU.Build.0 = Release|Any CPU
		{0C8BA0F2-4D86-4C84-B17C-720766564796}.Release|x64.ActiveCfg = Release|Any CPU
		{0C8BA0F2-4D86-4C84-B17C-720766564796}.Release|x64.Build.0 = Release|Any CPU
		{0C8BA0F2-4D86-4C84-B17C-720766564796}.Release|x86.ActiveCfg = Release|Any CPU
		{0C8BA0F2-4D86-4C84-B17C-720766564796}.Release|x86.Build.0 = Release|Any CPU
		{708F6124-8BE5-4E04-8DB1-182E0A97BF0C}.Debug|Any CPU.ActiveCfg = Debug|Any CPU
		{708F6124-8BE5-4E04-8DB1-182E0A97BF0C}.Debug|Any CPU.Build.0 = Debug|Any CPU
		{708F6124-8BE5-4E04-8DB1-182E0A97BF0C}.Debug|x64.ActiveCfg = Debug|Any CPU
		{708F6124-8BE5-4E04-8DB1-182E0A97BF0C}.Debug|x64.Build.0 = Debug|Any CPU
		{708F6124-8BE5-4E04-8DB1-182E0A97BF0C}.Debug|x86.ActiveCfg = Debug|Any CPU
		{708F6124-8BE5-4E04-8DB1-182E0A97BF0C}.Debug|x86.Build.0 = Debug|Any CPU
		{708F6124-8BE5-4E04-8DB1-182E0A97BF0C}.Release|Any CPU.ActiveCfg = Release|Any CPU
		{708F6124-8BE5-4E04-8DB1-182E0A97BF0C}.Release|Any CPU.Build.0 = Release|Any CPU
		{708F6124-8BE5-4E04-8DB1-182E0A97BF0C}.Release|x64.ActiveCfg = Release|Any CPU
		{708F6124-8BE5-4E04-8DB1-182E0A97BF0C}.Release|x64.Build.0 = Release|Any CPU
		{708F6124-8BE5-4E04-8DB1-182E0A97BF0C}.Release|x86.ActiveCfg = Release|Any CPU
		{708F6124-8BE5-4E04-8DB1-182E0A97BF0C}.Release|x86.Build.0 = Release|Any CPU
		{77700224-FDF8-4FCE-ADDE-77D6026B672E}.Debug|Any CPU.ActiveCfg = Debug|Any CPU
		{77700224-FDF8-4FCE-ADDE-77D6026B672E}.Debug|Any CPU.Build.0 = Debug|Any CPU
		{77700224-FDF8-4FCE-ADDE-77D6026B672E}.Debug|x64.ActiveCfg = Debug|Any CPU
		{77700224-FDF8-4FCE-ADDE-77D6026B672E}.Debug|x64.Build.0 = Debug|Any CPU
		{77700224-FDF8-4FCE-ADDE-77D6026B672E}.Debug|x86.ActiveCfg = Debug|Any CPU
		{77700224-FDF8-4FCE-ADDE-77D6026B672E}.Debug|x86.Build.0 = Debug|Any CPU
		{77700224-FDF8-4FCE-ADDE-77D6026B672E}.Release|Any CPU.ActiveCfg = Release|Any CPU
		{77700224-FDF8-4FCE-ADDE-77D6026B672E}.Release|Any CPU.Build.0 = Release|Any CPU
		{77700224-FDF8-4FCE-ADDE-77D6026B672E}.Release|x64.ActiveCfg = Release|Any CPU
		{77700224-FDF8-4FCE-ADDE-77D6026B672E}.Release|x64.Build.0 = Release|Any CPU
		{77700224-FDF8-4FCE-ADDE-77D6026B672E}.Release|x86.ActiveCfg = Release|Any CPU
		{77700224-FDF8-4FCE-ADDE-77D6026B672E}.Release|x86.Build.0 = Release|Any CPU
		{6E77476C-03A1-4554-A709-F2B97314A637}.Debug|Any CPU.ActiveCfg = Debug|Any CPU
		{6E77476C-03A1-4554-A709-F2B97314A637}.Debug|Any CPU.Build.0 = Debug|Any CPU
		{6E77476C-03A1-4554-A709-F2B97314A637}.Debug|x64.ActiveCfg = Debug|Any CPU
		{6E77476C-03A1-4554-A709-F2B97314A637}.Debug|x64.Build.0 = Debug|Any CPU
		{6E77476C-03A1-4554-A709-F2B97314A637}.Debug|x86.ActiveCfg = Debug|Any CPU
		{6E77476C-03A1-4554-A709-F2B97314A637}.Debug|x86.Build.0 = Debug|Any CPU
		{6E77476C-03A1-4554-A709-F2B97314A637}.Release|Any CPU.ActiveCfg = Release|Any CPU
		{6E77476C-03A1-4554-A709-F2B97314A637}.Release|Any CPU.Build.0 = Release|Any CPU
		{6E77476C-03A1-4554-A709-F2B97314A637}.Release|x64.ActiveCfg = Release|Any CPU
		{6E77476C-03A1-4554-A709-F2B97314A637}.Release|x64.Build.0 = Release|Any CPU
		{6E77476C-03A1-4554-A709-F2B97314A637}.Release|x86.ActiveCfg = Release|Any CPU
		{6E77476C-03A1-4554-A709-F2B97314A637}.Release|x86.Build.0 = Release|Any CPU
		{BACA4931-65B1-426E-AF5D-2AFD6B9C5195}.Debug|Any CPU.ActiveCfg = Debug|Any CPU
		{BACA4931-65B1-426E-AF5D-2AFD6B9C5195}.Debug|Any CPU.Build.0 = Debug|Any CPU
		{BACA4931-65B1-426E-AF5D-2AFD6B9C5195}.Debug|x64.ActiveCfg = Debug|Any CPU
		{BACA4931-65B1-426E-AF5D-2AFD6B9C5195}.Debug|x64.Build.0 = Debug|Any CPU
		{BACA4931-65B1-426E-AF5D-2AFD6B9C5195}.Debug|x86.ActiveCfg = Debug|Any CPU
		{BACA4931-65B1-426E-AF5D-2AFD6B9C5195}.Debug|x86.Build.0 = Debug|Any CPU
		{BACA4931-65B1-426E-AF5D-2AFD6B9C5195}.Release|Any CPU.ActiveCfg = Release|Any CPU
		{BACA4931-65B1-426E-AF5D-2AFD6B9C5195}.Release|Any CPU.Build.0 = Release|Any CPU
		{BACA4931-65B1-426E-AF5D-2AFD6B9C5195}.Release|x64.ActiveCfg = Release|Any CPU
		{BACA4931-65B1-426E-AF5D-2AFD6B9C5195}.Release|x64.Build.0 = Release|Any CPU
		{BACA4931-65B1-426E-AF5D-2AFD6B9C5195}.Release|x86.ActiveCfg = Release|Any CPU
		{BACA4931-65B1-426E-AF5D-2AFD6B9C5195}.Release|x86.Build.0 = Release|Any CPU
		{F6231C4D-9298-46F6-9A54-8D0B4C20AA38}.Debug|Any CPU.ActiveCfg = Debug|Any CPU
		{F6231C4D-9298-46F6-9A54-8D0B4C20AA38}.Debug|Any CPU.Build.0 = Debug|Any CPU
		{F6231C4D-9298-46F6-9A54-8D0B4C20AA38}.Debug|x64.ActiveCfg = Debug|Any CPU
		{F6231C4D-9298-46F6-9A54-8D0B4C20AA38}.Debug|x64.Build.0 = Debug|Any CPU
		{F6231C4D-9298-46F6-9A54-8D0B4C20AA38}.Debug|x86.ActiveCfg = Debug|Any CPU
		{F6231C4D-9298-46F6-9A54-8D0B4C20AA38}.Debug|x86.Build.0 = Debug|Any CPU
		{F6231C4D-9298-46F6-9A54-8D0B4C20AA38}.Release|Any CPU.ActiveCfg = Release|Any CPU
		{F6231C4D-9298-46F6-9A54-8D0B4C20AA38}.Release|Any CPU.Build.0 = Release|Any CPU
		{F6231C4D-9298-46F6-9A54-8D0B4C20AA38}.Release|x64.ActiveCfg = Release|Any CPU
		{F6231C4D-9298-46F6-9A54-8D0B4C20AA38}.Release|x64.Build.0 = Release|Any CPU
		{F6231C4D-9298-46F6-9A54-8D0B4C20AA38}.Release|x86.ActiveCfg = Release|Any CPU
		{F6231C4D-9298-46F6-9A54-8D0B4C20AA38}.Release|x86.Build.0 = Release|Any CPU
		{00A56913-5A31-49D7-A040-58287BEF30B5}.Debug|Any CPU.ActiveCfg = Debug|Any CPU
		{00A56913-5A31-49D7-A040-58287BEF30B5}.Debug|Any CPU.Build.0 = Debug|Any CPU
		{00A56913-5A31-49D7-A040-58287BEF30B5}.Debug|x64.ActiveCfg = Debug|Any CPU
		{00A56913-5A31-49D7-A040-58287BEF30B5}.Debug|x64.Build.0 = Debug|Any CPU
		{00A56913-5A31-49D7-A040-58287BEF30B5}.Debug|x86.ActiveCfg = Debug|Any CPU
		{00A56913-5A31-49D7-A040-58287BEF30B5}.Debug|x86.Build.0 = Debug|Any CPU
		{00A56913-5A31-49D7-A040-58287BEF30B5}.Release|Any CPU.ActiveCfg = Release|Any CPU
		{00A56913-5A31-49D7-A040-58287BEF30B5}.Release|Any CPU.Build.0 = Release|Any CPU
		{00A56913-5A31-49D7-A040-58287BEF30B5}.Release|x64.ActiveCfg = Release|Any CPU
		{00A56913-5A31-49D7-A040-58287BEF30B5}.Release|x64.Build.0 = Release|Any CPU
		{00A56913-5A31-49D7-A040-58287BEF30B5}.Release|x86.ActiveCfg = Release|Any CPU
		{00A56913-5A31-49D7-A040-58287BEF30B5}.Release|x86.Build.0 = Release|Any CPU
		{73C5D8CB-42C2-4F45-A010-C49F31384DD6}.Debug|Any CPU.ActiveCfg = Debug|Any CPU
		{73C5D8CB-42C2-4F45-A010-C49F31384DD6}.Debug|Any CPU.Build.0 = Debug|Any CPU
		{73C5D8CB-42C2-4F45-A010-C49F31384DD6}.Debug|x64.ActiveCfg = Debug|Any CPU
		{73C5D8CB-42C2-4F45-A010-C49F31384DD6}.Debug|x64.Build.0 = Debug|Any CPU
		{73C5D8CB-42C2-4F45-A010-C49F31384DD6}.Debug|x86.ActiveCfg = Debug|Any CPU
		{73C5D8CB-42C2-4F45-A010-C49F31384DD6}.Debug|x86.Build.0 = Debug|Any CPU
		{73C5D8CB-42C2-4F45-A010-C49F31384DD6}.Release|Any CPU.ActiveCfg = Release|Any CPU
		{73C5D8CB-42C2-4F45-A010-C49F31384DD6}.Release|Any CPU.Build.0 = Release|Any CPU
		{73C5D8CB-42C2-4F45-A010-C49F31384DD6}.Release|x64.ActiveCfg = Release|Any CPU
		{73C5D8CB-42C2-4F45-A010-C49F31384DD6}.Release|x64.Build.0 = Release|Any CPU
		{73C5D8CB-42C2-4F45-A010-C49F31384DD6}.Release|x86.ActiveCfg = Release|Any CPU
		{73C5D8CB-42C2-4F45-A010-C49F31384DD6}.Release|x86.Build.0 = Release|Any CPU
		{080B5A3E-E921-46FD-A851-C6CF2BBAC933}.Debug|Any CPU.ActiveCfg = Debug|Any CPU
		{080B5A3E-E921-46FD-A851-C6CF2BBAC933}.Debug|Any CPU.Build.0 = Debug|Any CPU
		{080B5A3E-E921-46FD-A851-C6CF2BBAC933}.Debug|x64.ActiveCfg = Debug|Any CPU
		{080B5A3E-E921-46FD-A851-C6CF2BBAC933}.Debug|x64.Build.0 = Debug|Any CPU
		{080B5A3E-E921-46FD-A851-C6CF2BBAC933}.Debug|x86.ActiveCfg = Debug|Any CPU
		{080B5A3E-E921-46FD-A851-C6CF2BBAC933}.Debug|x86.Build.0 = Debug|Any CPU
		{080B5A3E-E921-46FD-A851-C6CF2BBAC933}.Release|Any CPU.ActiveCfg = Release|Any CPU
		{080B5A3E-E921-46FD-A851-C6CF2BBAC933}.Release|Any CPU.Build.0 = Release|Any CPU
		{080B5A3E-E921-46FD-A851-C6CF2BBAC933}.Release|x64.ActiveCfg = Release|Any CPU
		{080B5A3E-E921-46FD-A851-C6CF2BBAC933}.Release|x64.Build.0 = Release|Any CPU
		{080B5A3E-E921-46FD-A851-C6CF2BBAC933}.Release|x86.ActiveCfg = Release|Any CPU
		{080B5A3E-E921-46FD-A851-C6CF2BBAC933}.Release|x86.Build.0 = Release|Any CPU
		{266FD671-CFA3-49D6-B0E6-EA0EDFF1FE94}.Debug|Any CPU.ActiveCfg = Debug|Any CPU
		{266FD671-CFA3-49D6-B0E6-EA0EDFF1FE94}.Debug|Any CPU.Build.0 = Debug|Any CPU
		{266FD671-CFA3-49D6-B0E6-EA0EDFF1FE94}.Debug|x64.ActiveCfg = Debug|Any CPU
		{266FD671-CFA3-49D6-B0E6-EA0EDFF1FE94}.Debug|x64.Build.0 = Debug|Any CPU
		{266FD671-CFA3-49D6-B0E6-EA0EDFF1FE94}.Debug|x86.ActiveCfg = Debug|Any CPU
		{266FD671-CFA3-49D6-B0E6-EA0EDFF1FE94}.Debug|x86.Build.0 = Debug|Any CPU
		{266FD671-CFA3-49D6-B0E6-EA0EDFF1FE94}.Release|Any CPU.ActiveCfg = Release|Any CPU
		{266FD671-CFA3-49D6-B0E6-EA0EDFF1FE94}.Release|Any CPU.Build.0 = Release|Any CPU
		{266FD671-CFA3-49D6-B0E6-EA0EDFF1FE94}.Release|x64.ActiveCfg = Release|Any CPU
		{266FD671-CFA3-49D6-B0E6-EA0EDFF1FE94}.Release|x64.Build.0 = Release|Any CPU
		{266FD671-CFA3-49D6-B0E6-EA0EDFF1FE94}.Release|x86.ActiveCfg = Release|Any CPU
		{266FD671-CFA3-49D6-B0E6-EA0EDFF1FE94}.Release|x86.Build.0 = Release|Any CPU
		{E451CCCF-D2E2-46F6-9ACF-F1E9A7F005B8}.Debug|Any CPU.ActiveCfg = Debug|Any CPU
		{E451CCCF-D2E2-46F6-9ACF-F1E9A7F005B8}.Debug|Any CPU.Build.0 = Debug|Any CPU
		{E451CCCF-D2E2-46F6-9ACF-F1E9A7F005B8}.Debug|x64.ActiveCfg = Debug|Any CPU
		{E451CCCF-D2E2-46F6-9ACF-F1E9A7F005B8}.Debug|x64.Build.0 = Debug|Any CPU
		{E451CCCF-D2E2-46F6-9ACF-F1E9A7F005B8}.Debug|x86.ActiveCfg = Debug|Any CPU
		{E451CCCF-D2E2-46F6-9ACF-F1E9A7F005B8}.Debug|x86.Build.0 = Debug|Any CPU
		{E451CCCF-D2E2-46F6-9ACF-F1E9A7F005B8}.Release|Any CPU.ActiveCfg = Release|Any CPU
		{E451CCCF-D2E2-46F6-9ACF-F1E9A7F005B8}.Release|Any CPU.Build.0 = Release|Any CPU
		{E451CCCF-D2E2-46F6-9ACF-F1E9A7F005B8}.Release|x64.ActiveCfg = Release|Any CPU
		{E451CCCF-D2E2-46F6-9ACF-F1E9A7F005B8}.Release|x64.Build.0 = Release|Any CPU
		{E451CCCF-D2E2-46F6-9ACF-F1E9A7F005B8}.Release|x86.ActiveCfg = Release|Any CPU
		{E451CCCF-D2E2-46F6-9ACF-F1E9A7F005B8}.Release|x86.Build.0 = Release|Any CPU
		{A8E4E6EE-23DC-441D-9B27-0B5C0C524A51}.Debug|Any CPU.ActiveCfg = Debug|Any CPU
		{A8E4E6EE-23DC-441D-9B27-0B5C0C524A51}.Debug|Any CPU.Build.0 = Debug|Any CPU
		{A8E4E6EE-23DC-441D-9B27-0B5C0C524A51}.Debug|x64.ActiveCfg = Debug|Any CPU
		{A8E4E6EE-23DC-441D-9B27-0B5C0C524A51}.Debug|x64.Build.0 = Debug|Any CPU
		{A8E4E6EE-23DC-441D-9B27-0B5C0C524A51}.Debug|x86.ActiveCfg = Debug|Any CPU
		{A8E4E6EE-23DC-441D-9B27-0B5C0C524A51}.Debug|x86.Build.0 = Debug|Any CPU
		{A8E4E6EE-23DC-441D-9B27-0B5C0C524A51}.Release|Any CPU.ActiveCfg = Release|Any CPU
		{A8E4E6EE-23DC-441D-9B27-0B5C0C524A51}.Release|Any CPU.Build.0 = Release|Any CPU
		{A8E4E6EE-23DC-441D-9B27-0B5C0C524A51}.Release|x64.ActiveCfg = Release|Any CPU
		{A8E4E6EE-23DC-441D-9B27-0B5C0C524A51}.Release|x64.Build.0 = Release|Any CPU
		{A8E4E6EE-23DC-441D-9B27-0B5C0C524A51}.Release|x86.ActiveCfg = Release|Any CPU
		{A8E4E6EE-23DC-441D-9B27-0B5C0C524A51}.Release|x86.Build.0 = Release|Any CPU
		{8C8FAA6B-22EA-4238-A98A-6564FB873FDD}.Debug|Any CPU.ActiveCfg = Debug|Any CPU
		{8C8FAA6B-22EA-4238-A98A-6564FB873FDD}.Debug|Any CPU.Build.0 = Debug|Any CPU
		{8C8FAA6B-22EA-4238-A98A-6564FB873FDD}.Debug|x64.ActiveCfg = Debug|Any CPU
		{8C8FAA6B-22EA-4238-A98A-6564FB873FDD}.Debug|x64.Build.0 = Debug|Any CPU
		{8C8FAA6B-22EA-4238-A98A-6564FB873FDD}.Debug|x86.ActiveCfg = Debug|Any CPU
		{8C8FAA6B-22EA-4238-A98A-6564FB873FDD}.Debug|x86.Build.0 = Debug|Any CPU
		{8C8FAA6B-22EA-4238-A98A-6564FB873FDD}.Release|Any CPU.ActiveCfg = Release|Any CPU
		{8C8FAA6B-22EA-4238-A98A-6564FB873FDD}.Release|Any CPU.Build.0 = Release|Any CPU
		{8C8FAA6B-22EA-4238-A98A-6564FB873FDD}.Release|x64.ActiveCfg = Release|Any CPU
		{8C8FAA6B-22EA-4238-A98A-6564FB873FDD}.Release|x64.Build.0 = Release|Any CPU
		{8C8FAA6B-22EA-4238-A98A-6564FB873FDD}.Release|x86.ActiveCfg = Release|Any CPU
		{8C8FAA6B-22EA-4238-A98A-6564FB873FDD}.Release|x86.Build.0 = Release|Any CPU
		{B9AEC50F-0DAE-4C45-9CFF-C667CE271DBA}.Debug|Any CPU.ActiveCfg = Debug|Any CPU
		{B9AEC50F-0DAE-4C45-9CFF-C667CE271DBA}.Debug|Any CPU.Build.0 = Debug|Any CPU
		{B9AEC50F-0DAE-4C45-9CFF-C667CE271DBA}.Debug|x64.ActiveCfg = Debug|Any CPU
		{B9AEC50F-0DAE-4C45-9CFF-C667CE271DBA}.Debug|x64.Build.0 = Debug|Any CPU
		{B9AEC50F-0DAE-4C45-9CFF-C667CE271DBA}.Debug|x86.ActiveCfg = Debug|Any CPU
		{B9AEC50F-0DAE-4C45-9CFF-C667CE271DBA}.Debug|x86.Build.0 = Debug|Any CPU
		{B9AEC50F-0DAE-4C45-9CFF-C667CE271DBA}.Release|Any CPU.ActiveCfg = Release|Any CPU
		{B9AEC50F-0DAE-4C45-9CFF-C667CE271DBA}.Release|Any CPU.Build.0 = Release|Any CPU
		{B9AEC50F-0DAE-4C45-9CFF-C667CE271DBA}.Release|x64.ActiveCfg = Release|Any CPU
		{B9AEC50F-0DAE-4C45-9CFF-C667CE271DBA}.Release|x64.Build.0 = Release|Any CPU
		{B9AEC50F-0DAE-4C45-9CFF-C667CE271DBA}.Release|x86.ActiveCfg = Release|Any CPU
		{B9AEC50F-0DAE-4C45-9CFF-C667CE271DBA}.Release|x86.Build.0 = Release|Any CPU
		{A19CACB5-502E-42E9-9D75-0DE1866F284A}.Debug|Any CPU.ActiveCfg = Debug|Any CPU
		{A19CACB5-502E-42E9-9D75-0DE1866F284A}.Debug|Any CPU.Build.0 = Debug|Any CPU
		{A19CACB5-502E-42E9-9D75-0DE1866F284A}.Debug|x64.ActiveCfg = Debug|Any CPU
		{A19CACB5-502E-42E9-9D75-0DE1866F284A}.Debug|x64.Build.0 = Debug|Any CPU
		{A19CACB5-502E-42E9-9D75-0DE1866F284A}.Debug|x86.ActiveCfg = Debug|Any CPU
		{A19CACB5-502E-42E9-9D75-0DE1866F284A}.Debug|x86.Build.0 = Debug|Any CPU
		{A19CACB5-502E-42E9-9D75-0DE1866F284A}.Release|Any CPU.ActiveCfg = Release|Any CPU
		{A19CACB5-502E-42E9-9D75-0DE1866F284A}.Release|Any CPU.Build.0 = Release|Any CPU
		{A19CACB5-502E-42E9-9D75-0DE1866F284A}.Release|x64.ActiveCfg = Release|Any CPU
		{A19CACB5-502E-42E9-9D75-0DE1866F284A}.Release|x64.Build.0 = Release|Any CPU
		{A19CACB5-502E-42E9-9D75-0DE1866F284A}.Release|x86.ActiveCfg = Release|Any CPU
		{A19CACB5-502E-42E9-9D75-0DE1866F284A}.Release|x86.Build.0 = Release|Any CPU
		{0EC535EB-9E61-4777-B202-C9F96ACFE006}.Debug|Any CPU.ActiveCfg = Debug|Any CPU
		{0EC535EB-9E61-4777-B202-C9F96ACFE006}.Debug|Any CPU.Build.0 = Debug|Any CPU
		{0EC535EB-9E61-4777-B202-C9F96ACFE006}.Debug|x64.ActiveCfg = Debug|Any CPU
		{0EC535EB-9E61-4777-B202-C9F96ACFE006}.Debug|x64.Build.0 = Debug|Any CPU
		{0EC535EB-9E61-4777-B202-C9F96ACFE006}.Debug|x86.ActiveCfg = Debug|Any CPU
		{0EC535EB-9E61-4777-B202-C9F96ACFE006}.Debug|x86.Build.0 = Debug|Any CPU
		{0EC535EB-9E61-4777-B202-C9F96ACFE006}.Release|Any CPU.ActiveCfg = Release|Any CPU
		{0EC535EB-9E61-4777-B202-C9F96ACFE006}.Release|Any CPU.Build.0 = Release|Any CPU
		{0EC535EB-9E61-4777-B202-C9F96ACFE006}.Release|x64.ActiveCfg = Release|Any CPU
		{0EC535EB-9E61-4777-B202-C9F96ACFE006}.Release|x64.Build.0 = Release|Any CPU
		{0EC535EB-9E61-4777-B202-C9F96ACFE006}.Release|x86.ActiveCfg = Release|Any CPU
		{0EC535EB-9E61-4777-B202-C9F96ACFE006}.Release|x86.Build.0 = Release|Any CPU
	EndGlobalSection
	GlobalSection(SolutionProperties) = preSolution
		HideSolutionNode = FALSE
	EndGlobalSection
	GlobalSection(NestedProjects) = preSolution
		{90298CBA-BD6F-3A0A-69D5-97CAD7B05E7E} = {827E0CD3-B72D-47B6-A68D-7590B98EB39B}
		{F8284A3B-6172-4543-FC74-2C149A4C2E29} = {90298CBA-BD6F-3A0A-69D5-97CAD7B05E7E}
		{0C8BA0F2-4D86-4C84-B17C-720766564796} = {F8284A3B-6172-4543-FC74-2C149A4C2E29}
		{984BB9B3-3FA3-BE33-9484-CAC21695A33C} = {827E0CD3-B72D-47B6-A68D-7590B98EB39B}
		{3D2E8631-8982-4CD8-85A8-437089729894} = {984BB9B3-3FA3-BE33-9484-CAC21695A33C}
		{B8E6B6B4-1597-990D-6D13-AAF04A34E016} = {3D2E8631-8982-4CD8-85A8-437089729894}
		{708F6124-8BE5-4E04-8DB1-182E0A97BF0C} = {B8E6B6B4-1597-990D-6D13-AAF04A34E016}
		{77700224-FDF8-4FCE-ADDE-77D6026B672E} = {B8E6B6B4-1597-990D-6D13-AAF04A34E016}
		{6E77476C-03A1-4554-A709-F2B97314A637} = {B8E6B6B4-1597-990D-6D13-AAF04A34E016}
		{BACA4931-65B1-426E-AF5D-2AFD6B9C5195} = {B8E6B6B4-1597-990D-6D13-AAF04A34E016}
		{CBE535C5-B51A-60E9-4D99-AC1BFAA908A1} = {827E0CD3-B72D-47B6-A68D-7590B98EB39B}
		{8E44736D-4F71-AC09-C797-E9C3A364234B} = {CBE535C5-B51A-60E9-4D99-AC1BFAA908A1}
		{F6231C4D-9298-46F6-9A54-8D0B4C20AA38} = {8E44736D-4F71-AC09-C797-E9C3A364234B}
		{4FF0980B-B48C-A15E-A609-A853ABA51517} = {984BB9B3-3FA3-BE33-9484-CAC21695A33C}
		{3FBE9D1F-65A6-0CC6-FBC6-608A6ED4C4A8} = {4FF0980B-B48C-A15E-A609-A853ABA51517}
		{00A56913-5A31-49D7-A040-58287BEF30B5} = {3FBE9D1F-65A6-0CC6-FBC6-608A6ED4C4A8}
		{73C5D8CB-42C2-4F45-A010-C49F31384DD6} = {3FBE9D1F-65A6-0CC6-FBC6-608A6ED4C4A8}
		{080B5A3E-E921-46FD-A851-C6CF2BBAC933} = {3FBE9D1F-65A6-0CC6-FBC6-608A6ED4C4A8}
		{266FD671-CFA3-49D6-B0E6-EA0EDFF1FE94} = {3FBE9D1F-65A6-0CC6-FBC6-608A6ED4C4A8}
		{2A2867F8-DA21-46FC-8E10-52A75EF262B9} = {984BB9B3-3FA3-BE33-9484-CAC21695A33C}
		{4422C10A-A275-27DD-ADC7-A7C70018D754} = {2A2867F8-DA21-46FC-8E10-52A75EF262B9}
		{E451CCCF-D2E2-46F6-9ACF-F1E9A7F005B8} = {4422C10A-A275-27DD-ADC7-A7C70018D754}
		{A8E4E6EE-23DC-441D-9B27-0B5C0C524A51} = {4422C10A-A275-27DD-ADC7-A7C70018D754}
		{8C8FAA6B-22EA-4238-A98A-6564FB873FDD} = {4422C10A-A275-27DD-ADC7-A7C70018D754}
		{B9AEC50F-0DAE-4C45-9CFF-C667CE271DBA} = {4422C10A-A275-27DD-ADC7-A7C70018D754}
		{4D909E3A-FE81-0AA7-4841-65E192C827E3} = {90298CBA-BD6F-3A0A-69D5-97CAD7B05E7E}
		{A19CACB5-502E-42E9-9D75-0DE1866F284A} = {4D909E3A-FE81-0AA7-4841-65E192C827E3}
		{53890CF4-40DD-B408-C4DC-486A5274CA5C} = {90298CBA-BD6F-3A0A-69D5-97CAD7B05E7E}
		{0EC535EB-9E61-4777-B202-C9F96ACFE006} = {53890CF4-40DD-B408-C4DC-486A5274CA5C}
	EndGlobalSection
	GlobalSection(ExtensibilityGlobals) = postSolution
		SolutionGuid = {27A209ED-537C-426D-BD8C-C0C5CD71322E}
	EndGlobalSection
EndGlobal
